version = 1
revision = 3
requires-python = ">=3.8"
resolution-markers = [
    "python_full_version >= '3.10'",
    "python_full_version == '3.9.*'",
    "python_full_version < '3.9'",
]

[[package]]
name = "babel"
version = "2.9.0"
source = { registry = "https://pypi.org/simple" }
dependencies = [
    { name = "pytz" },
]
sdist = { url = "https://files.pythonhosted.org/packages/41/1b/5ed6e564b9ca54318df20ebe5d642ab25da4118df3c178247b8c4b26fa13/Babel-2.9.0.tar.gz", hash = "sha256:da031ab54472314f210b0adcff1588ee5d1d1d0ba4dbd07b94dba82bde791e05", size = 8682986, upload-time = "2020-11-12T09:28:13.623Z" }
wheels = [
    { url = "https://files.pythonhosted.org/packages/dd/a5/81076e10b5ef74493cf08a8e419e61b64324c9c55db4aa7f89c0240c4873/Babel-2.9.0-py2.py3-none-any.whl", hash = "sha256:9d35c22fcc79893c3ecc85ac4a56cde1ecf3f19c540bba0922308a6c06ca6fa5", size = 8832301, upload-time = "2020-11-12T09:27:55.428Z" },
]

[[package]]
name = "click"
version = "7.0"
source = { registry = "https://pypi.org/simple" }
sdist = { url = "https://files.pythonhosted.org/packages/f8/5c/f60e9d8a1e77005f664b76ff8aeaee5bc05d0a91798afd7f53fc998dbc47/Click-7.0.tar.gz", hash = "sha256:5b94b49521f6456670fdb30cd82a4eca9412788a93fa6dd6df72c94d5a8ff2d7", size = 286192, upload-time = "2018-09-25T20:57:07.259Z" }
wheels = [
    { url = "https://files.pythonhosted.org/packages/fa/37/45185cb5abbc30d7257104c434fe0b07e5a195a6847506c074527aa599ec/Click-7.0-py2.py3-none-any.whl", hash = "sha256:2335065e6395b9e67ca716de5f7526736bfa6ceead690adf616d925bdc622b13", size = 81299, upload-time = "2018-09-25T20:57:05.462Z" },
]

[[package]]
name = "colorama"
version = "0.4.0"
source = { registry = "https://pypi.org/simple" }
sdist = { url = "https://files.pythonhosted.org/packages/55/d5/c35bd3e63757ac767105f8695b055581d8b8dd8c22fef020ebefa2a3725d/colorama-0.4.0.zip", hash = "sha256:c9b54bebe91a6a803e0772c8561d53f2926bfeb17cd141fbabcb08424086595c", size = 37521, upload-time = "2018-10-10T14:47:13.19Z" }
wheels = [
    { url = "https://files.pythonhosted.org/packages/0a/93/6e8289231675d561d476d656c2ee3a868c1cca207e16c118d4503b25e2bf/colorama-0.4.0-py2.py3-none-any.whl", hash = "sha256:a3d89af5db9e9806a779a50296b5fdb466e281147c2c235e8225ecc6dbf7bbf3", size = 21204, upload-time = "2018-10-10T14:47:29.452Z" },
]

[[package]]
name = "ghp-import"
version = "1.0.0"
source = { registry = "https://pypi.org/simple" }
dependencies = [
    { name = "python-dateutil" },
]
sdist = { url = "https://files.pythonhosted.org/packages/ef/03/c674cf7f106b7be8719e0202537edd754040f786e9dc4799cd2c7d4d1743/ghp-import-1.0.0.tar.gz", hash = "sha256:65e4d854dd0980096fd950a323d699daad4ff8007b8daa7e7ca60d57dfa00e1b", size = 12835, upload-time = "2020-08-15T12:25:27.062Z" }

[[package]]
name = "importlib-metadata"
version = "4.4.0"
source = { registry = "https://pypi.org/simple" }
dependencies = [
    { name = "zipp", version = "3.20.2", source = { registry = "https://pypi.org/simple" }, marker = "python_full_version != '3.9.*'" },
    { name = "zipp", version = "3.23.1", source = { registry = "https://pypi.org/simple" }, marker = "python_full_version == '3.9.*'" },
]
sdist = { url = "https://files.pythonhosted.org/packages/f5/e4/ebeff94e110803f7c6f0354e1ef15729b91ee521573ba08808a74dd6b63c/importlib_metadata-4.4.0.tar.gz", hash = "sha256:e592faad8de1bda9fe920cf41e15261e7131bcf266c30306eec00e8e225c1dd5", size = 39577, upload-time = "2021-05-31T15:00:13.802Z" }
wheels = [
    { url = "https://files.pythonhosted.org/packages/0b/05/9215a7ea1110477bd85375941327857c6a78beb0fbb9d1c2652e28fd04a0/importlib_metadata-4.4.0-py3-none-any.whl", hash = "sha256:960d52ba7c21377c990412aca380bf3642d734c2eaab78a2c39319f67c6a5786", size = 17263, upload-time = "2021-05-31T15:00:12.562Z" },
]

[[package]]
name = "jinja2"
version = "2.11.1"
source = { registry = "https://pypi.org/simple" }
dependencies = [
    { name = "markupsafe" },
]
sdist = { url = "https://files.pythonhosted.org/packages/d8/03/e491f423379ea14bb3a02a5238507f7d446de639b623187bccc111fbecdf/Jinja2-2.11.1.tar.gz", hash = "sha256:93187ffbc7808079673ef52771baa950426fd664d3aad1d0fa3e95644360e250", size = 258043, upload-time = "2020-01-30T18:09:34.857Z" }
wheels = [
    { url = "https://files.pythonhosted.org/packages/27/24/4f35961e5c669e96f6559760042a55b9bcfcdb82b9bdb3c8753dbe042e35/Jinja2-2.11.1-py2.py3-none-any.whl", hash = "sha256:b0eaf100007721b5c16c1fc1eecb87409464edc10469ddc9a22a27a99123be49", size = 126746, upload-time = "2020-01-30T18:09:32.504Z" },
]

[[package]]
name = "markdown"
version = "3.3.6"
source = { registry = "https://pypi.org/simple" }
dependencies = [
    { name = "importlib-metadata", marker = "python_full_version < '3.10'" },
]
sdist = { url = "https://files.pythonhosted.org/packages/15/06/d60f21eda994b044cbd496892d4d4c5c708aa597fcaded7d421513cb219b/Markdown-3.3.6.tar.gz", hash = "sha256:76df8ae32294ec39dcf89340382882dfa12975f87f45c3ed1ecdb1e8cefc7006", size = 323584, upload-time = "2021-11-17T15:59:44.69Z" }
wheels = [
    { url = "https://files.pythonhosted.org/packages/9f/d4/2c7f83915d437736996b2674300c6c4b578a6f897f34e40f5c04db146719/Markdown-3.3.6-py3-none-any.whl", hash = "sha256:9923332318f843411e9932237530df53162e29dc7a4e2b91e35764583c46c9a3", size = 97797, upload-time = "2021-11-17T15:59:43.009Z" },
]

[[package]]
name = "markupsafe"
version = "2.0.1"
source = { registry = "https://pypi.org/simple" }
sdist = { url = "https://files.pythonhosted.org/packages/bf/10/ff66fea6d1788c458663a84d88787bae15d45daa16f6b3ef33322a51fc7e/MarkupSafe-2.0.1.tar.gz", hash = "sha256:594c67807fb16238b30c44bdf74f36c02cdf22d1c8cda91ef8a0ed8dabf5620a", size = 18596, upload-time = "2021-05-18T17:18:22.856Z" }
wheels = [
    { url = "https://files.pythonhosted.org/packages/81/8b/f28eac2790d49dde61f89ae9e007ac65002edc90bb2dd63c3b9e653820d2/MarkupSafe-2.0.1-cp310-cp310-macosx_10_9_universal2.whl", hash = "sha256:d8446c54dc28c01e5a2dbac5a25f071f6653e6e40f3a8818e8b45d790fe6ef53", size = 18330, upload-time = "2021-08-11T18:10:38.104Z" },
    { url = "https://files.pythonhosted.org/packages/21/84/e090d999105fe0f3e1d955725ed2c9aeebc649ee83edab0e73d353d47e5d/MarkupSafe-2.0.1-cp310-cp310-macosx_10_9_x86_64.whl", hash = "sha256:36bc903cbb393720fad60fc28c10de6acf10dc6cc883f3e24ee4012371399a38", size = 14005, upload-time = "2021-08-11T18:10:39.711Z" },
    { url = "https://files.pythonhosted.org/packages/e6/57/e9d243b12918f22bc3aa1392db7821dcb643a120e87b3f8c9bc7e1ad33f1/MarkupSafe-2.0.1-cp310-cp310-manylinux_2_17_aarch64.manylinux2014_aarch64.whl", hash = "sha256:2d7d807855b419fc2ed3e631034685db6079889a1f01d5d9dac950f764da3dad", size = 26830, upload-time = "2021-08-11T18:10:41.209Z" },
    { url = "https://files.pythonhosted.org/packages/5a/98/3303496a5d19aabba67c443ba1df6ee1bec94549b3f8976f90c06a6942e6/MarkupSafe-2.0.1-cp310-cp310-manylinux_2_5_i686.manylinux1_i686.manylinux_2_12_i686.manylinux2010_i686.whl", hash = "sha256:add36cb2dbb8b736611303cd3bfcee00afd96471b09cda130da3581cbdc56a6d", size = 30410, upload-time = "2021-08-11T18:10:43.44Z" },
    { url = "https://files.pythonhosted.org/packages/53/e8/601efa63c4058311a8bda7984a2fe554b9da574044967d7aee253661ee46/MarkupSafe-2.0.1-cp310-cp310-manylinux_2_5_x86_64.manylinux1_x86_64.manylinux_2_12_x86_64.manylinux2010_x86_64.whl", hash = "sha256:168cd0a3642de83558a5153c8bd34f175a9a6e7f6dc6384b9655d2697312a646", size = 30770, upload-time = "2021-08-11T18:10:44.873Z" },
    { url = "https://files.pythonhosted.org/packages/a4/c8/9d2161b2080cb69c8834d1c34a399685347523acbfc923b203ad27bf1215/MarkupSafe-2.0.1-cp310-cp310-musllinux_1_1_aarch64.whl", hash = "sha256:4dc8f9fb58f7364b63fd9f85013b780ef83c11857ae79f2feda41e270468dd9b", size = 31170, upload-time = "2021-10-22T17:36:49.118Z" },
    { url = "https://files.pythonhosted.org/packages/51/c3/7154db2b7d5b24875e1f1c42bab87a46af688bd6a5c89a90c60053cb6b33/MarkupSafe-2.0.1-cp310-cp310-musllinux_1_1_i686.whl", hash = "sha256:20dca64a3ef2d6e4d5d615a3fd418ad3bde77a47ec8a23d984a12b5b4c74491a", size = 30127, upload-time = "2021-10-22T17:36:51.271Z" },
    { url = "https://files.pythonhosted.org/packages/04/69/c31e837e4bb5532b02d297152464b2cb8a0edeb9bef762c015e9b4e95e16/MarkupSafe-2.0.1-cp310-cp310-musllinux_1_1_x86_64.whl", hash = "sha256:cdfba22ea2f0029c9261a4bd07e830a8da012291fbe44dc794e488b6c9bb353a", size = 30553, upload-time = "2021-10-22T17:36:53.02Z" },
    { url = "https://files.pythonhosted.org/packages/c1/39/9df65c006a88fce7bbd5ec3195b949b79477b1a325564f486c611c367893/MarkupSafe-2.0.1-cp310-cp310-win32.whl", hash = "sha256:99df47edb6bda1249d3e80fdabb1dab8c08ef3975f69aed437cb69d0a5de1e28", size = 14331, upload-time = "2021-08-11T18:10:46.98Z" },
    { url = "https://files.pythonhosted.org/packages/93/28/d42b954fb9189cf4b78b0b0a025cff9b2583f93b37d1a345768ade29e5dd/MarkupSafe-2.0.1-cp310-cp310-win_amd64.whl", hash = "sha256:e0f138900af21926a02425cf736db95be9f4af72ba1bb21453432a07f6082134", size = 15042, upload-time = "2021-08-11T18:10:48.832Z" },
    { url = "https://files.pythonhosted.org/packages/51/1e/45e25cd867fb79339c49086dad9794e11923dd6325251ae48c341b0a4271/MarkupSafe-2.0.1-cp38-cp38-macosx_10_9_universal2.whl", hash = "sha256:5bb28c636d87e840583ee3adeb78172efc47c8b26127267f54a9c0ec251d41a9", size = 18323, upload-time = "2021-08-11T18:11:00.147Z" },
    { url = "https://files.pythonhosted.org/packages/70/56/f81c0cfbc22882df36358ecdedc5474571183e5a5adde1e237079acee437/MarkupSafe-2.0.1-cp38-cp38-macosx_10_9_x86_64.whl", hash = "sha256:be98f628055368795d818ebf93da628541e10b75b41c559fdf36d104c5787066", size = 13982, upload-time = "2021-05-18T17:17:57.638Z" },
    { url = "https://files.pythonhosted.org/packages/f9/12/b63afcb3bf9f27fd347adef452f9a6e27dfe7107a8f2685afacc8e9c6592/MarkupSafe-2.0.1-cp38-cp38-manylinux1_i686.whl", hash = "sha256:1d609f577dc6e1aa17d746f8bd3c31aa4d258f4070d61b2aa5c4166c1539de35", size = 30224, upload-time = "2021-05-18T17:17:59.342Z" },
    { url = "https://files.pythonhosted.org/packages/1d/c5/1d1b42c65f96ee7b0c81761260878d1a1dc0afdf259e434b7d7af88a80a3/MarkupSafe-2.0.1-cp38-cp38-manylinux1_x86_64.whl", hash = "sha256:7d91275b0245b1da4d4cfa07e0faedd5b0812efc15b702576d103293e252af1b", size = 30562, upload-time = "2021-05-18T17:18:00.993Z" },
    { url = "https://files.pythonhosted.org/packages/92/ac/94771b65ac9f77cf37e43b38516697bbc4e128ee152b68d596ae44c6c896/MarkupSafe-2.0.1-cp38-cp38-manylinux2010_i686.whl", hash = "sha256:01a9b8ea66f1658938f65b93a85ebe8bc016e6769611be228d797c9d998dd298", size = 30226, upload-time = "2021-05-18T17:18:02.373Z" },
    { url = "https://files.pythonhosted.org/packages/68/ba/7a5ca0f9b4239e6fd846dd54c0b5928187355fa62fbdbd13e1c5942afae7/MarkupSafe-2.0.1-cp38-cp38-manylinux2010_x86_64.whl", hash = "sha256:47ab1e7b91c098ab893b828deafa1203de86d0bc6ab587b160f78fe6c4011f75", size = 30563, upload-time = "2021-05-18T17:18:03.682Z" },
    { url = "https://files.pythonhosted.org/packages/eb/3b/1cddaf0338a031ef5c2e1d9d74f2d607d564748a933b44de6edfe7a2a880/MarkupSafe-2.0.1-cp38-cp38-manylinux2014_aarch64.whl", hash = "sha256:97383d78eb34da7e1fa37dd273c20ad4320929af65d156e35a5e2d89566d9dfb", size = 31869, upload-time = "2021-05-18T17:18:05.381Z" },
    { url = "https://files.pythonhosted.org/packages/e4/9b/c7b55a2f587368d69eb6dc36e285010ab0bbb74323833d501921e08e2728/MarkupSafe-2.0.1-cp38-cp38-manylinux_2_17_aarch64.manylinux2014_aarch64.whl", hash = "sha256:6fcf051089389abe060c9cd7caa212c707e58153afa2c649f00346ce6d260f1b", size = 27085, upload-time = "2021-08-11T18:11:02.134Z" },
    { url = "https://files.pythonhosted.org/packages/cc/f2/854d33eee85df681e61e22b52d8e83bef8b7425c0b9826212289f7885710/MarkupSafe-2.0.1-cp38-cp38-manylinux_2_5_i686.manylinux1_i686.manylinux_2_12_i686.manylinux2010_i686.whl", hash = "sha256:5855f8438a7d1d458206a2466bf82b0f104a3724bf96a1c781ab731e4201731a", size = 30239, upload-time = "2021-08-11T18:11:03.41Z" },
    { url = "https://files.pythonhosted.org/packages/7a/e8/00c435416c9b0238dca6f883563b01c4cc532b2ba6aaf7268081f6238520/MarkupSafe-2.0.1-cp38-cp38-manylinux_2_5_x86_64.manylinux1_x86_64.manylinux_2_12_x86_64.manylinux2010_x86_64.whl", hash = "sha256:3dd007d54ee88b46be476e293f48c85048603f5f516008bee124ddd891398ed6", size = 30603, upload-time = "2021-08-11T18:11:05.269Z" },
    { url = "https://files.pythonhosted.org/packages/95/18/b7a45c16635acafdf6837a6fd4c71acfe5bad202884c6fcbae4ea0763dde/MarkupSafe-2.0.1-cp38-cp38-musllinux_1_1_aarch64.whl", hash = "sha256:aca6377c0cb8a8253e493c6b451565ac77e98c2951c45f913e0b52facdcff83f", size = 30964, upload-time = "2021-10-22T17:37:04.356Z" },
    { url = "https://files.pythonhosted.org/packages/15/90/b63743e72c9ffc5988c7b1c04d14f9a32ae49574afe8a7fbea0ce538bda4/MarkupSafe-2.0.1-cp38-cp38-musllinux_1_1_i686.whl", hash = "sha256:04635854b943835a6ea959e948d19dcd311762c5c0c6e1f0e16ee57022669194", size = 29982, upload-time = "2021-10-22T17:37:05.661Z" },
    { url = "https://files.pythonhosted.org/packages/1f/44/ada8e01854175525e8e139278c3a52fec0ef720307cbd670bca86b473b56/MarkupSafe-2.0.1-cp38-cp38-musllinux_1_1_x86_64.whl", hash = "sha256:6300b8454aa6930a24b9618fbb54b5a68135092bc666f7b06901f897fa5c2fee", size = 30372, upload-time = "2021-10-22T17:37:07.001Z" },
    { url = "https://files.pythonhosted.org/packages/44/e6/4e1f202ec01062c8b4d03af72f1aeb2ca8fc97f9f5d95b9173302ac4e5ad/MarkupSafe-2.0.1-cp38-cp38-win32.whl", hash = "sha256:023cb26ec21ece8dc3907c0e8320058b2e0cb3c55cf9564da612bc325bed5e64", size = 14303, upload-time = "2021-05-18T17:18:06.962Z" },
    { url = "https://files.pythonhosted.org/packages/30/9e/4b7116f464a0151b86ce42b5185941eb74c207b38fe033f71f5e5d150356/MarkupSafe-2.0.1-cp38-cp38-win_amd64.whl", hash = "sha256:984d76483eb32f1bcb536dc27e4ad56bba4baa70be32fa87152832cdd9db0833", size = 14910, upload-time = "2021-05-18T17:18:08.389Z" },
    { url = "https://files.pythonhosted.org/packages/dd/8f/d0c570c851f70377ca6f344531fab4b6b01a99a9d2a801b25d6fd75525e5/MarkupSafe-2.0.1-cp39-cp39-macosx_10_9_universal2.whl", hash = "sha256:2ef54abee730b502252bcdf31b10dacb0a416229b72c18b19e24a4509f273d26", size = 18308, upload-time = "2021-05-18T17:18:09.686Z" },
    { url = "https://files.pythonhosted.org/packages/ce/a7/835a636047f4bb4fea31a682c18affad9795e864d800892bd7248485425e/MarkupSafe-2.0.1-cp39-cp39-macosx_10_9_x86_64.whl", hash = "sha256:3c112550557578c26af18a1ccc9e090bfe03832ae994343cfdacd287db6a6ae7", size = 13982, upload-time = "2021-05-18T17:18:11.27Z" },
    { url = "https://files.pythonhosted.org/packages/66/66/b5891704372c9f5d97432933bdd7e9b5a0647fad9170c72bb7f486550c43/MarkupSafe-2.0.1-cp39-cp39-manylinux1_i686.whl", hash = "sha256:53edb4da6925ad13c07b6d26c2a852bd81e364f95301c66e930ab2aef5b5ddd8", size = 30216, upload-time = "2021-05-18T17:18:13.098Z" },
    { url = "https://files.pythonhosted.org/packages/50/99/06eccf68be0bff67ab9a0b90b5382c04769f9ad2e42cae5e5e92f99380cd/MarkupSafe-2.0.1-cp39-cp39-manylinux1_x86_64.whl", hash = "sha256:f5653a225f31e113b152e56f154ccbe59eeb1c7487b39b9d9f9cdb58e6c79dc5", size = 30553, upload-time = "2021-05-18T17:18:14.502Z" },
    { url = "https://files.pythonhosted.org/packages/5a/ff/34bdcd8cc794f692588de0b3f4c1aa7ec0d17716fda9d874836ed68775c1/MarkupSafe-2.0.1-cp39-cp39-manylinux2010_i686.whl", hash = "sha256:4efca8f86c54b22348a5467704e3fec767b2db12fc39c6d963168ab1d3fc9135", size = 30220, upload-time = "2021-05-18T17:18:15.724Z" },
    { url = "https://files.pythonhosted.org/packages/6f/83/eabfb8c6d60b096dc9ada378cf935809289c4d0327b74a60789bde77e1db/MarkupSafe-2.0.1-cp39-cp39-manylinux2010_x86_64.whl", hash = "sha256:ab3ef638ace319fa26553db0624c4699e31a28bb2a835c5faca8f8acf6a5a902", size = 30556, upload-time = "2021-05-18T17:18:16.989Z" },
    { url = "https://files.pythonhosted.org/packages/ae/70/8dd5f2c0aab82431c9c619a2c4fbd1742fc0fb769d8d7b275ae1d03eb3a5/MarkupSafe-2.0.1-cp39-cp39-manylinux2014_aarch64.whl", hash = "sha256:f8ba0e8349a38d3001fae7eadded3f6606f0da5d748ee53cc1dab1d6527b9509", size = 31882, upload-time = "2021-05-18T17:18:18.807Z" },
    { url = "https://files.pythonhosted.org/packages/a6/d1/a7b97d0e000336c4e06bfce7e08dcb2b47fc5091146ee883dfac6cb4842e/MarkupSafe-2.0.1-cp39-cp39-manylinux_2_17_aarch64.manylinux2014_aarch64.whl", hash = "sha256:c47adbc92fc1bb2b3274c4b3a43ae0e4573d9fbff4f54cd484555edbf030baf1", size = 26719, upload-time = "2021-08-11T18:11:06.642Z" },
    { url = "https://files.pythonhosted.org/packages/67/e9/579a3ad8d48f7680f887ff1f22cc6330f083de23ce32a8fa35f8acef477a/MarkupSafe-2.0.1-cp39-cp39-manylinux_2_5_i686.manylinux1_i686.manylinux_2_12_i686.manylinux2010_i686.whl", hash = "sha256:37205cac2a79194e3750b0af2a5720d95f786a55ce7df90c3af697bfa100eaac", size = 30251, upload-time = "2021-08-11T18:11:08.559Z" },
    { url = "https://files.pythonhosted.org/packages/c2/db/314df69668f582d5173922bded7b58126044bb77cfce6347c5d992074d2e/MarkupSafe-2.0.1-cp39-cp39-manylinux_2_5_x86_64.manylinux1_x86_64.manylinux_2_12_x86_64.manylinux2010_x86_64.whl", hash = "sha256:1f2ade76b9903f39aa442b4aadd2177decb66525062db244b35d71d0ee8599b6", size = 30586, upload-time = "2021-08-11T18:11:09.935Z" },
    { url = "https://files.pythonhosted.org/packages/8f/87/4668ce3963e942a9aa7b13212158e74bf063a2461138b7ed5a043ac6aa79/MarkupSafe-2.0.1-cp39-cp39-musllinux_1_1_aarch64.whl", hash = "sha256:4296f2b1ce8c86a6aea78613c34bb1a672ea0e3de9c6ba08a960efe0b0a09047", size = 30980, upload-time = "2021-10-22T17:37:09.064Z" },
    { url = "https://files.pythonhosted.org/packages/a7/55/a576835b6b95af21d15f69eaf14c4fb1358fd48475f2b9813abd9654132e/MarkupSafe-2.0.1-cp39-cp39-musllinux_1_1_i686.whl", hash = "sha256:9f02365d4e99430a12647f09b6cc8bab61a6564363f313126f775eb4f6ef798e", size = 29902, upload-time = "2021-10-22T17:37:10.621Z" },
    { url = "https://files.pythonhosted.org/packages/3b/41/f53e2ac439b309d8bb017d12ee6e7d393aa70c508448c1f30a7e5db9d69e/MarkupSafe-2.0.1-cp39-cp39-musllinux_1_1_x86_64.whl", hash = "sha256:5b6d930f030f8ed98e3e6c98ffa0652bdb82601e7a016ec2ab5d7ff23baa78d1", size = 30340, upload-time = "2021-10-22T17:37:12.941Z" },
    { url = "https://files.pythonhosted.org/packages/6a/96/7a23b44f742384a866173502e19cc1ec13951085bbb4e24be504dfc6da9f/MarkupSafe-2.0.1-cp39-cp39-win32.whl", hash = "sha256:10f82115e21dc0dfec9ab5c0223652f7197feb168c940f3ef61563fc2d6beb74", size = 14331, upload-time = "2021-05-18T17:18:20.171Z" },
    { url = "https://files.pythonhosted.org/packages/5b/db/49785acd523bd5eef83d0e21594eec1c2d7d45afc473dcc85037243de673/MarkupSafe-2.0.1-cp39-cp39-win_amd64.whl", hash = "sha256:693ce3f9e70a6cf7d2fb9e6c9d8b204b6b39897a2c4a1aa65728d5ac97dcc1d8", size = 14937, upload-time = "2021-05-18T17:18:21.693Z" },
]

[[package]]
name = "mergedeep"
version = "1.3.4"
source = { registry = "https://pypi.org/simple" }
sdist = { url = "https://files.pythonhosted.org/packages/3a/41/580bb4006e3ed0361b8151a01d324fb03f420815446c7def45d02f74c270/mergedeep-1.3.4.tar.gz", hash = "sha256:0096d52e9dad9939c3d975a774666af186eda617e6ca84df4c94dec30004f2a8", size = 4661, upload-time = "2021-02-05T18:55:30.623Z" }
wheels = [
    { url = "https://files.pythonhosted.org/packages/2c/19/04f9b178c2d8a15b076c8b5140708fa6ffc5601fb6f1e975537072df5b2a/mergedeep-1.3.4-py3-none-any.whl", hash = "sha256:70775750742b25c0d8f36c55aed03d24c3384d17c951b3175d898bd778ef0307", size = 6354, upload-time = "2021-02-05T18:55:29.583Z" },
]

[[package]]
name = "mkdocs"
source = { editable = "." }
dependencies = [
    { name = "click" },
    { name = "colorama", marker = "sys_platform == 'win32'" },
    { name = "ghp-import" },
    { name = "importlib-metadata", marker = "python_full_version < '3.10'" },
    { name = "jinja2" },
    { name = "markdown" },
    { name = "markupsafe" },
    { name = "mergedeep" },
    { name = "mkdocs-get-deps" },
    { name = "packaging" },
    { name = "pathspec" },
    { name = "pyyaml" },
    { name = "pyyaml-env-tag" },
    { name = "watchdog" },
]

[package.optional-dependencies]
i18n = [
    { name = "babel" },
]
min-versions = [
    { name = "babel" },
    { name = "click" },
    { name = "colorama", marker = "sys_platform == 'win32'" },
    { name = "ghp-import" },
    { name = "importlib-metadata", marker = "python_full_version < '3.10'" },
    { name = "jinja2" },
    { name = "markdown" },
    { name = "markupsafe" },
    { name = "mergedeep" },
    { name = "mkdocs-get-deps" },
    { name = "packaging" },
    { name = "pathspec" },
    { name = "pyyaml" },
    { name = "pyyaml-env-tag" },
    { name = "watchdog" },
]

[package.metadata]
requires-dist = [
    { name = "babel", marker = "extra == 'i18n'", specifier = ">=2.9.0" },
    { name = "babel", marker = "extra == 'min-versions'", specifier = "==2.9.0" },
    { name = "click", specifier = ">=7.0" },
    { name = "click", marker = "extra == 'min-versions'", specifier = "==7.0" },
    { name = "colorama", marker = "sys_platform == 'win32'", specifier = ">=0.4" },
    { name = "colorama", marker = "sys_platform == 'win32' and extra == 'min-versions'", specifier = "==0.4" },
    { name = "ghp-import", specifier = ">=1.0" },
    { name = "ghp-import", marker = "extra == 'min-versions'", specifier = "==1.0" },
    { name = "importlib-metadata", marker = "python_full_version < '3.10'", specifier = ">=4.4" },
    { name = "importlib-metadata", marker = "python_full_version < '3.10' and extra == 'min-versions'", specifier = "==4.4" },
    { name = "jinja2", specifier = ">=2.11.1" },
    { name = "jinja2", marker = "extra == 'min-versions'", specifier = "==2.11.1" },
    { name = "markdown", specifier = ">=3.3.6" },
    { name = "markdown", marker = "extra == 'min-versions'", specifier = "==3.3.6" },
    { name = "markupsafe", specifier = ">=2.0.1" },
    { name = "markupsafe", marker = "extra == 'min-versions'", specifier = "==2.0.1" },
    { name = "mergedeep", specifier = ">=1.3.4" },
    { name = "mergedeep", marker = "extra == 'min-versions'", specifier = "==1.3.4" },
    { name = "mkdocs-get-deps", specifier = ">=0.2.0" },
    { name = "mkdocs-get-deps", marker = "extra == 'min-versions'", specifier = "==0.2.0" },
    { name = "packaging", specifier = ">=20.5" },
    { name = "packaging", marker = "extra == 'min-versions'", specifier = "==20.5" },
    { name = "pathspec", specifier = ">=0.11.1" },
    { name = "pathspec", marker = "extra == 'min-versions'", specifier = "==0.11.1" },
    { name = "pyyaml", specifier = ">=5.1" },
    { name = "pyyaml", marker = "extra == 'min-versions'", specifier = "==5.1" },
    { name = "pyyaml-env-tag", specifier = ">=0.1" },
    { name = "pyyaml-env-tag", marker = "extra == 'min-versions'", specifier = "==0.1" },
    { name = "watchdog", specifier = ">=2.0" },
    { name = "watchdog", marker = "extra == 'min-versions'", specifier = "==2.0" },
]
provides-extras = ["i18n", "min-versions"]

[[package]]
name = "mkdocs-get-deps"
version = "0.2.0"
source = { registry = "https://pypi.org/simple" }
dependencies = [
    { name = "importlib-metadata", marker = "python_full_version < '3.10'" },
    { name = "mergedeep" },
    { name = "platformdirs", version = "4.3.6", source = { registry = "https://pypi.org/simple" }, marker = "python_full_version < '3.9'" },
    { name = "platformdirs", version = "4.4.0", source = { registry = "https://pypi.org/simple" }, marker = "python_full_version == '3.9.*'" },
    { name = "platformdirs", version = "4.11.7", source = { registry = "https://pypi.org/simple" }, marker = "python_full_version >= '3.10'" },
    { name = "pyyaml" },
]
sdist = { url = "https://files.pythonhosted.org/packages/98/f5/ed29cd50067784976f25ed0ed6fcd3c2ce9eb90650aa3b2796ddf7b6870b/mkdocs_get_deps-0.2.0.tar.gz", hash = "sha256:162b3d129c7fad9b19abfdcb9c1458a651628e4b1dea628ac68790fb3061c60c", size = 10239, upload-time = "2023-11-20T17:51:09.981Z" }
wheels = [
    { url = "https://files.pythonhosted.org/packages/9f/d4/029f984e8d3f3b6b726bd33cafc473b75e9e44c0f7e80a5b29abc466bdea/mkdocs_get_deps-0.2.0-py3-none-any.whl", hash = "sha256:2bf11d0b133e77a0dd036abeeb06dec8775e46efa526dc70667d8863eefc6134", size = 9521, upload-time = "2023-11-20T17:51:08.587Z" },
]

[[package]]
name = "packaging"
version = "20.5"
source = { registry = "https://pypi.org/simple" }
dependencies = [
    { name = "pyparsing", version = "3.1.4", source = { registry = "https://pypi.org/simple" }, marker = "python_full_version < '3.9'" },
    { name = "pyparsing", version = "3.3.2", source = { registry = "https://pypi.org/simple" }, marker = "python_full_version >= '3.9'" },
]
sdist = { url = "https://files.pythonhosted.org/packages/61/b8/5a96ce56fcdf1bf7494f642ec7fad3e8c192b3a5b2116b59955ff32f70de/packaging-20.5.tar.gz", hash = "sha256:5d21ed3d936beb102850195eadaa1371bfb4b93da6ad63d231410c6dca25a665", size = 26047, upload-time = "2020-11-27T22:06:30.226Z" }
wheels = [
    { url = "https://files.pythonhosted.org/packages/0e/75/dc57e8d75c9f4e7ada4d30230875b66633e250504566bdb4d98615808cd1/packaging-20.5-py2.py3-none-any.whl", hash = "sha256:1a67848015ca7e7879eee30a7ae1053bc04d031e31eccbde6082820150f08621", size = 35858, upload-time = "2020-11-27T22:06:29.041Z" },
]

[[package]]
name = "pathspec"
version = "0.11.1"
source = { registry = "https://pypi.org/simple" }
sdist = { url = "https://files.pythonhosted.org/packages/95/60/d93628975242cc515ab2b8f5b2fc831d8be2eff32f5a1be4776d49305d13/pathspec-0.11.1.tar.gz", hash = "sha256:2798de800fa92780e33acca925945e9a19a133b715067cf165b8866c15a31687", size = 45697, upload-time = "2023-03-15T00:56:39.224Z" }
wheels = [
    { url = "https://files.pythonhosted.org/packages/be/c8/551a803a6ebb174ec1c124e68b449b98a0961f0b737def601e3c1fbb4cfd/pathspec-0.11.1-py3-none-any.whl", hash = "sha256:d8af70af76652554bd134c22b3e8a1cc46ed7d91edcdd721ef1a0c51a84a5293", size = 29213, upload-time = "2023-03-15T00:56:37.77Z" },
]

[[package]]
name = "platformdirs"
version = "4.3.6"
source = { registry = "https://pypi.org/simple" }
resolution-markers = [
    "python_full_version < '3.9'",
]
sdist = { url = "https://files.pythonhosted.org/packages/13/fc/128cc9cb8f03208bdbf93d3aa862e16d376844a14f9a0ce5cf4507372de4/platformdirs-4.3.6.tar.gz", hash = "sha256:357fb2acbc885b0419afd3ce3ed34564c13c9b95c89360cd9563f73aa5e2b907", size = 21302, upload-time = "2024-09-17T19:06:50.688Z" }
wheels = [
    { url = "https://files.pythonhosted.org/packages/3c/a6/bc1012356d8ece4d66dd75c4b9fc6c1f6650ddd5991e421177d9f8f671be/platformdirs-4.3.6-py3-none-any.whl", hash = "sha256:73e575e1408ab8103900836b97580d5307456908a03e92031bab39e4554cc3fb", size = 18439, upload-time = "2024-09-17T19:06:49.212Z" },
]

[[package]]
name = "platformdirs"
version = "4.4.0"
source = { registry = "https://pypi.org/simple" }
resolution-markers = [
    "python_full_version == '3.9.*'",
]
sdist = { url = "https://files.pythonhosted.org/packages/23/e8/21db9c9987b0e728855bd57bff6984f67952bea55d6f75e055c46b5383e8/platformdirs-4.4.0.tar.gz", hash = "sha256:ca753cf4d81dc309bc67b0ea38fd15dc97bc30ce419a7f58d13eb3bf14c4febf", size = 21634, upload-time = "2025-08-26T14:32:04.268Z" }
wheels = [
    { url = "https://files.pythonhosted.org/packages/40/4b/2028861e724d3bd36227adfa20d3fd24c3fc6d52032f4a93c133be5d17ce/platformdirs-4.4.0-py3-none-any.whl", hash = "sha256:abd01743f24e5287cd7a5db3752faf1a2d65353f38ec26d98e25a6db65958c85", size = 18654, upload-time = "2025-08-26T14:32:02.735Z" },
]

[[package]]
name = "platformdirs"
version = "4.11.7"
source = { registry = "https://pypi.org/simple" }
resolution-markers = [
    "python_full_version >= '3.10'",
]
sdist = { url = "https://files.pythonhosted.org/packages/69/b7/802a56eca9f2fac455b8bab5375a2647b0f0e14a2cd63ef077de3c4a7658/platformdirs-4.11.7.tar.gz", hash = "sha256:4f41487eeeeeb07f3a6625e61d9bc0ae6809f92d3386dbd74392fbb76108104d", size = 35127, upload-time = "2026-09-01T13:35:10.502Z" }
wheels = [
    { url = "https://files.pythonhosted.org/packages/27/6e/80993e10a0482f630cef528635789233224f36b1ffd11592aa15d13ff9ce/platformdirs-4.11.7-py3-none-any.whl", hash = "sha256:8a02cb259042c79d1cd0450facc2fe6dc9d303ae7901afbe33bf8ea0b188cef6", size = 23938, upload-time = "2026-09-01T13:35:09.02Z" },
]

[[package]]
name = "pyparsing"
version = "3.1.4"
source = { registry = "https://pypi.org/simple" }
resolution-markers = [
    "python_full_version < '3.9'",
]
sdist = { url = "https://files.pythonhosted.org/packages/83/08/13f3bce01b2061f2bbd582c9df82723de943784cf719a35ac886c652043a/pyparsing-3.1.4.tar.gz", hash = "sha256:f86ec8d1a83f11977c9a6ea7598e8c27fc5cddfa5b07ea2241edbbde1d7bc032", size = 900231, upload-time = "2024-08-25T15:00:47.416Z" }
wheels = [
    { url = "https://files.pythonhosted.org/packages/e5/0c/0e3c05b1c87bb6a1c76d281b0f35e78d2d80ac91b5f8f524cebf77f51049/pyparsing-3.1.4-py3-none-any.whl", hash = "sha256:a6a7ee4235a3f944aa1fa2249307708f893fe5717dc603503c6c7969c070fb7c", size = 104100, upload-time = "2024-08-25T15:00:45.361Z" },
]

[[package]]
name = "pyparsing"
version = "3.3.2"
source = { registry = "https://pypi.org/simple" }
resolution-markers = [
    "python_full_version >= '3.10'",
    "python_full_version == '3.9.*'",
]
sdist = { url = "https://files.pythonhosted.org/packages/f3/91/9c6ee907786a473bf81c5f53cf703ba0957b23ab84c264080fb5a450416f/pyparsing-3.3.2.tar.gz", hash = "sha256:c777f4d763f140633dcb6d8a3eda953bf7a214dc4eff598413c070bcdc117cbc", size = 6851574, upload-time = "2026-01-21T03:57:59.36Z" }
wheels = [
    { url = "https://files.pythonhosted.org/packages/10/bd/c038d7cc38edc1aa5bf91ab8068b63d4308c66c4c8bb3cbba7dfbc049f9c/pyparsing-3.3.2-py3-none-any.whl", hash = "sha256:850ba148bd908d7e2411587e247a1e4f0327839c40e2e5e6d05a007ecc69911d", size = 122781, upload-time = "2026-01-21T03:57:55.912Z" },
]

[[package]]
name = "python-dateutil"
version = "2.9.0.post0"
source = { registry = "https://pypi.org/simple" }
dependencies = [
    { name = "six" },
]
sdist = { url = "https://files.pythonhosted.org/packages/66/c0/0c8b6ad9f17a802ee498c46e004a0eb49bc148f2fd230864601a86dcf6db/python-dateutil-2.9.0.post0.tar.gz", hash = "sha256:37dd54208da7e1cd875388217d5e00ebd4179249f90fb72437e91a35459a0ad3", size = 342432, upload-time = "2024-03-01T18:36:20.211Z" }
wheels = [
    { url = "https://files.pythonhosted.org/packages/ec/57/56b9bcc3c9c6a792fcbaf139543cee77261f3651ca9da0c93f5c1221264b/python_dateutil-2.9.0.post0-py2.py3-none-any.whl", hash = "sha256:a8b2bc7bffae282281c8140a97d3aa9c14da0b136dfe83f850eea9a5f7470427", size = 229892, upload-time = "2024-03-01T18:36:18.57Z" },
]

[[package]]
name = "pytz"
version = "2026.3.post1"
source = { registry = "https://pypi.org/simple" }
sdist = { url = "https://files.pythonhosted.org/packages/fb/48/fb042503b6ca6cd271261dc559fd6432f7d8c713153e9ec5c591af4dfc1c/pytz-2026.3.post1.tar.gz", hash = "sha256:2211d3fcf9a797d3405cac96ac7f61d80e6a644f72a3309607282fe8a2010c5d", size = 319745, upload-time = "2026-07-25T15:12:07.385Z" }
wheels = [
    { url = "https://files.pythonhosted.org/packages/0f/7b/39c34ca613b0b198cb866466651b26b045e2009864c5183c979a3b83f383/pytz-2026.3.post1-py2.py3-none-any.whl", hash = "sha256:dd95840dd199baea12d9cc096a1d452caa6596a1c1e4b5f3dbd1541855d5e815", size = 508283, upload-time = "2026-07-25T15:12:05.782Z" },
]

[[package]]
name = "pyyaml"
version = "5.1"
source = { registry = "https://pypi.org/simple" }
sdist = { url = "https://files.pythonhosted.org/packages/9f/2c/9417b5c774792634834e730932745bc09a7d36754ca00acf1ccd1ac2594d/PyYAML-5.1.tar.gz", hash = "sha256:436bc774ecf7c103814098159fbb84c2715d25980175292c648f2da143909f95", size = 274244, upload-time = "2019-03-13T16:35:50.361Z" }

[[package]]
name = "pyyaml-env-tag"
version = "0.1"
source = { registry = "https://pypi.org/simple" }
dependencies = [
    { name = "pyyaml" },
]
sdist = { url = "https://files.pythonhosted.org/packages/fb/8e/da1c6c58f751b70f8ceb1eb25bc25d524e8f14fe16edcce3f4e3ba08629c/pyyaml_env_tag-0.1.tar.gz", hash = "sha256:70092675bda14fdec33b31ba77e7543de9ddc88f2e5b99160396572d11525bdb", size = 5631, upload-time = "2020-11-12T02:38:26.239Z" }
wheels = [
    { url = "https://files.pythonhosted.org/packages/5a/66/bbb1dd374f5c870f59c5bb1db0e18cbe7fa739415a24cbd95b2d1f5ae0c4/pyyaml_env_tag-0.1-py3-none-any.whl", hash = "sha256:af31106dec8a4d68c60207c1886031cbf839b68aa7abccdb19868200532c2069", size = 3911, upload-time = "2020-11-12T02:38:24.638Z" },
]

[[package]]
name = "six"
version = "1.17.0"
source = { registry = "https://pypi.org/simple" }
sdist = { url = "https://files.pythonhosted.org/packages/94/e7/b2c673351809dca68a0e064b6af791aa332cf192da575fd474ed7d6f16a2/six-1.17.0.tar.gz", hash = "sha256:ff70335d468e7eb6ec65b95b99d3a2836546063f63acc5171de367e834932a81", size = 34031, upload-time = "2024-12-04T17:35:28.174Z" }
wheels = [
    { url = "https://files.pythonhosted.org/packages/b7/ce/149a00dd41f10bc29e5921b496af8b574d8413afcd5e30dfa0ed46c2cc5e/six-1.17.0-py2.py3-none-any.whl", hash = "sha256:4721f391ed90541fddacab5acf947aa0d3dc7d27b2e1e8eda2be8970586c3274", size = 11050, upload-time = "2024-12-04T17:35:26.475Z" },
]

[[package]]
name = "watchdog"
version = "2.0.0"
source = { registry = "https://pypi.org/simple" }
sdist = { url = "https://files.pythonhosted.org/packages/86/7a/08bc1b90df132d05aca2a1b60e6a8ab769e7afcda30ccd922e5d35fbbf99/watchdog-2.0.0.tar.gz", hash = "sha256:fd4b56cfbe0d0d9c4fc431aceca75700a7f12d3737dc2e9cb2ec2ba649680425", size = 102677, upload-time = "2021-02-11T09:52:43.258Z" }
wheels = [
    { url = "https://files.pythonhosted.org/packages/2d/a4/58fea5906b0a865be73fe0034541a43282bb5a37c20e8897c9ebb5031ca6/watchdog-2.0.0-cp38-cp38-macosx_10_9_x86_64.whl", hash = "sha256:9a62a10ec580ca48751caa9f9346bdea0d652801b006a3856344f033bd1fe138", size = 83024, upload-time = "2021-02-11T09:52:23.559Z" },
    { url = "https://files.pythonhosted.org/packages/a2/b9/a78c7e46d11bb837cf6fc2c2776560eefe484c20f37022fef4daee519314/watchdog-2.0.0-cp39-cp39-macosx_10_9_x86_64.whl", hash = "sha256:900995c9a4842f081e1ca06fde1df0e36304b34d2e1b59712c2618a4e7d25e98", size = 83021, upload-time = "2021-02-11T09:52:24.87Z" },
    { url = "https://files.pythonhosted.org/packages/b9/60/ea0ca591f2fa8fe597584e82806a2278d48cbda2400fbb7aa5898e0278ef/watchdog-2.0.0-py3-none-manylinux2014_aarch64.whl", hash = "sha256:fda5fc3586fc198c39d4a84ff04a785b95145ad8fc6538a8d8fe1fd37d67fdd7", size = 74194, upload-time = "2021-02-11T09:52:29.09Z" },
    { url = "https://files.pythonhosted.org/packages/51/97/20b9645f57edba2cf850b10dc60ab1d447a711ad4f67624a87837626ce77/watchdog-2.0.0-py3-none-manylinux2014_armv7l.whl", hash = "sha256:bfa78c9f9a6371b0a61f3f0f3499a39118e0bf67e6d635837fc521f3fcb985a0", size = 74194, upload-time = "2021-02-11T09:52:30.599Z" },
    { url = "https://files.pythonhosted.org/packages/bf/2f/b2e49d3ef2ede2f74499d931a091452721aec7a623f7239ca124123a715b/watchdog-2.0.0-py3-none-manylinux2014_i686.whl", hash = "sha256:0e3a14d5927dfc8381a45618d8373734a182e9747086a2ed7b4ee8c55e393d61", size = 74192, upload-time = "2021-02-11T09:52:31.806Z" },
    { url = "https://files.pythonhosted.org/packages/22/21/5f56b66a9bceaecda9dc831bf6edec4c8220d96072c1af1f251d7878a2da/watchdog-2.0.0-py3-none-manylinux2014_ppc64.whl", hash = "sha256:865891481224e83baa8bfa3cbf188ef346498caa161b8998ef80f4204db4a8f4", size = 74193, upload-time = "2021-02-11T09:52:33.244Z" },
    { url = "https://files.pythonhosted.org/packages/33/e0/909eb26336e327f38d907b8ed10274a0b0b224fd499a980398f17d49439b/watchdog-2.0.0-py3-none-manylinux2014_ppc64le.whl", hash = "sha256:7cec8807a4f0c48fc7edbaf57c8feaf033841bde700e7e3f75f80a68ea607b3c", size = 74195, upload-time = "2021-02-11T09:52:34.488Z" },
    { url = "https://files.pythonhosted.org/packages/77/6a/b1757e918b6f74b666ad9aaaf49d3c951e1dc477bced931c3524cc78b884/watchdog-2.0.0-py3-none-manylinux2014_s390x.whl", hash = "sha256:1e4af875a9cb0323945a6f3640721cbd75e5fb55d4fe9a122306ed6e3e81cb87", size = 74191, upload-time = "2021-02-11T09:52:35.551Z" },
    { url = "https://files.pythonhosted.org/packages/aa/70/514ea72eb2a828eea1cfb2452f6fa9031c163928f60c2c9ad49ab7d816c1/watchdog-2.0.0-py3-none-manylinux2014_x86_64.whl", hash = "sha256:f003a04c462720a03cb2332054a48a2453116b34145c1cd7287dccee0bb9eef4", size = 74195, upload-time = "2021-02-11T09:52:37.401Z" },
    { url = "https://files.pythonhosted.org/packages/25/99/f7c52925016d461c5af7557a398d7e6e330dcf41ad8fdcb6114a8d0fd221/watchdog-2.0.0-py3-none-win32.whl", hash = "sha256:bce7e4caf491e753f3d554155e67fb2ae1aafeb8a5a11e8d2b3fcbe213dd3b55", size = 74179, upload-time = "2021-02-11T09:52:39.05Z" },
    { url = "https://files.pythonhosted.org/packages/e6/95/406fcb71d3cd5c46adf782f23fd620b503a79affda665105f20ad5d86610/watchdog-2.0.0-py3-none-win_amd64.whl", hash = "sha256:218b1fc22c4b60a28b45a3c1894f82e03cd15ab82e983f50d7edab323ba4dbdd", size = 74183, upload-time = "2021-02-11T09:52:40.544Z" },
    { url = "https://files.pythonhosted.org/packages/c7/87/2d33b7f81b7d69784d23b292d3e0a34d861e45a3dfbe34f63a6dad952671/watchdog-2.0.0-py3-none-win_ia64.whl", hash = "sha256:a7b8811e6dd23864e21b5acbfce3b9d3d37f9e0d5815253902c17a6739b84ce7", size = 74182, upload-time = "2021-02-11T09:52:41.898Z" },
]

[[package]]
name = "zipp"
version = "3.20.2"
source = { registry = "https://pypi.org/simple" }
resolution-markers = [
    "python_full_version < '3.9'",
]
sdist = { url = "https://files.pythonhosted.org/packages/54/bf/5c0000c44ebc80123ecbdddba1f5dcd94a5ada602a9c225d84b5aaa55e86/zipp-3.20.2.tar.gz", hash = "sha256:bc9eb26f4506fda01b81bcde0ca78103b6e62f991b381fec825435c836edbc29", size = 24199, upload-time = "2024-09-13T13:44:16.101Z" }
wheels = [
    { url = "https://files.pythonhosted.org/packages/62/8b/5ba542fa83c90e09eac972fc9baca7a88e7e7ca4b221a89251954019308b/zipp-3.20.2-py3-none-any.whl", hash = "sha256:a817ac80d6cf4b23bf7f2828b7cabf326f15a001bea8b1f9b49631780ba28350", size = 9200, upload-time = "2024-09-13T13:44:14.38Z" },
]

[[package]]
name = "zipp"
version = "3.23.1"
source = { registry = "https://pypi.org/simple" }
resolution-markers = [
    "python_full_version == '3.9.*'",
]
sdist = { url = "https://files.pythonhosted.org/packages/30/21/093488dfc7cc8964ded15ab726fad40f25fd3d788fd741cc1c5a17d78ee8/zipp-3.23.1.tar.gz", hash = "sha256:32120e378d32cd9714ad503c1d024619063ec28aad2248dc6672ad13edfa5110", size = 25965, upload-time = "2026-04-13T23:21:46.6Z" }
wheels = [
    { url = "https://files.pythonhosted.org/packages/08/8a/0861bec20485572fbddf3dfba2910e38fe249796cb73ecdeb74e07eeb8d3/zipp-3.23.1-py3-none-any.whl", hash = "sha256:0b3596c50a5c700c9cb40ba8d86d9f2cc4807e9bedb06bcdf7fac85633e444dc", size = 10378, upload-time = "2026-04-13T23:21:45.386Z" },
]
